
Microsoft Visual Studio Solution File, Format Version 12.00
# Visual Studio Version 17
VisualStudioVersion = 17.4.33205.214
MinimumVisualStudioVersion = 10.0.40219.1
Project("{9A19103F-16F7-4668-BE54-9A1E7A4F7556}") = "OnlineElectronicShop", "OnlineElectronicShop\OnlineElectronicShop.csproj", "{8A7A2971-3C48-4A9D-B370-B8E5119748A0}"
EndProject
Global
	GlobalSection(SolutionConfigurationPlatforms) = preSolution
		Debug|Any CPU = Debug|Any CPU
		Release|Any CPU = Release|Any CPU
	EndGlobalSection
	GlobalSection(ProjectConfigurationPlatforms) = postSolution
		{8A7A2971-3C48-4A9D-B370-B8E5119748A0}.Debug|Any CPU.ActiveCfg = Debug|Any CPU
		{8A7A2971-3C48-4A9D-B370-B8E5119748A0}.Debug|Any CPU.Build.0 = Debug|Any CPU
		{8A7A2971-3C48-4A9D-B370-B8E5119748A0}.Release|Any CPU.ActiveCfg = Release|Any CPU
		{8A7A2971-3C48-4A9D-B370-B8E5119748A0}.Release|Any CPU.Build.0 = Release|Any CPU
	EndGlobalSection
	GlobalSection(SolutionProperties) = preSolution
		HideSolutionNode = FALSE
	EndGlobalSection
	GlobalSection(ExtensibilityGlobals) = postSolution
		SolutionGuid = {96388D33-A79A-4170-AA7E-146091AEB444}
	EndGlobalSection
EndGlobal
